
Microsoft Visual Studio Solution File, Format Version 12.00
# Visual Studio 15
VisualStudioVersion = 15.0.28307.572
MinimumVisualStudioVersion = 10.0.40219.1
Project("{FAE04EC0-301F-11D3-BF4B-00C04F79EFBC}") = "Culture.Web", "Culture.Web\Culture.Web.csproj", "{8AB55451-1504-4A33-8F5D-27C43D784C61}"
EndProject
Project("{FAE04EC0-301F-11D3-BF4B-00C04F79EFBC}") = "Culture.Services", "Culture.Services\Culture.Services.csproj", "{3D62EC46-79C9-4C0A-A3A0-8585850F8424}"
EndProject
Project("{FAE04EC0-301F-11D3-BF4B-00C04F79EFBC}") = "Culture.Contracts", "Culture.Contracts\Culture.Contracts.csproj", "{D070DA4E-1C42-45FF-B1D4-009F480BB82F}"
EndProject
Project("{FAE04EC0-301F-11D3-BF4B-00C04F79EFBC}") = "Culture.Utilities", "Culture.Utilities\Culture.Utilities.csproj", "{89F40DF7-A23B-4E2A-B3C1-900F39C3A66B}"
EndProject
Project("{FAE04EC0-301F-11D3-BF4B-00C04F79EFBC}") = "Culture.DataAccess", "Culture.DataAccess\Culture.DataAccess.csproj", "{65F7A654-A3EB-4448-BD3D-D2E8320C9989}"
EndProject
Project("{FAE04EC0-301F-11D3-BF4B-00C04F79EFBC}") = "Culture.Models", "Culture.Models\Culture.Models.csproj", "{1D592376-EFB9-4BEB-84BE-EAD46D796D9D}"
EndProject
Global
	GlobalSection(SolutionConfigurationPlatforms) = preSolution
		Debug|Any CPU = Debug|Any CPU
		Release|Any CPU = Release|Any CPU
	EndGlobalSection
	GlobalSection(ProjectConfigurationPlatforms) = postSolution
		{8AB55451-1504-4A33-8F5D-27C43D784C61}.Debug|Any CPU.ActiveCfg = Debug|Any CPU
		{8AB55451-1504-4A33-8F5D-27C43D784C61}.Debug|Any CPU.Build.0 = Debug|Any CPU
		{8AB55451-1504-4A33-8F5D-27C43D784C61}.Release|Any CPU.ActiveCfg = Release|Any CPU
		{8AB55451-1504-4A33-8F5D-27C43D784C61}.Release|Any CPU.Build.0 = Release|Any CPU
		{3D62EC46-79C9-4C0A-A3A0-8585850F8424}.Debug|Any CPU.ActiveCfg = Debug|Any CPU
		{3D62EC46-79C9-4C0A-A3A0-8585850F8424}.Debug|Any CPU.Build.0 = Debug|Any CPU
		{3D62EC46-79C9-4C0A-A3A0-8585850F8424}.Release|Any CPU.ActiveCfg = Release|Any CPU
		{3D62EC46-79C9-4C0A-A3A0-8585850F8424}.Release|Any CPU.Build.0 = Release|Any CPU
		{D070DA4E-1C42-45FF-B1D4-009F480BB82F}.Debug|Any CPU.ActiveCfg = Debug|Any CPU
		{D070DA4E-1C42-45FF-B1D4-009F480BB82F}.Debug|Any CPU.Build.0 = Debug|Any CPU
		{D070DA4E-1C42-45FF-B1D4-009F480BB82F}.Release|Any CPU.ActiveCfg = Release|Any CPU
		{D070DA4E-1C42-45FF-B1D4-009F480BB82F}.Release|Any CPU.Build.0 = Release|Any CPU
		{89F40DF7-A23B-4E2A-B3C1-900F39C3A66B}.Debug|Any CPU.ActiveCfg = Debug|Any CPU
		{89F40DF7-A23B-4E2A-B3C1-900F39C3A66B}.Debug|Any CPU.Build.0 = Debug|Any CPU
		{89F40DF7-A23B-4E2A-B3C1-900F39C3A66B}.Release|Any CPU.ActiveCfg = Release|Any CPU
		{89F40DF7-A23B-4E2A-B3C1-900F39C3A66B}.Release|Any CPU.Build.0 = Release|Any CPU
		{65F7A654-A3EB-4448-BD3D-D2E8320C9989}.Debug|Any CPU.ActiveCfg = Debug|Any CPU
		{65F7A654-A3EB-4448-BD3D-D2E8320C9989}.Debug|Any CPU.Build.0 = Debug|Any CPU
		{65F7A654-A3EB-4448-BD3D-D2E8320C9989}.Release|Any CPU.ActiveCfg = Release|Any CPU
		{65F7A654-A3EB-4448-BD3D-D2E8320C9989}.Release|Any CPU.Build.0 = Release|Any CPU
		{1D592376-EFB9-4BEB-84BE-EAD46D796D9D}.Debug|Any CPU.ActiveCfg = Debug|Any CPU
		{1D592376-EFB9-4BEB-84BE-EAD46D796D9D}.Debug|Any CPU.Build.0 = Debug|Any CPU
		{1D592376-EFB9-4BEB-84BE-EAD46D796D9D}.Release|Any CPU.ActiveCfg = Release|Any CPU
		{1D592376-EFB9-4BEB-84BE-EAD46D796D9D}.Release|Any CPU.Build.0 = Release|Any CPU
	EndGlobalSection
	GlobalSection(SolutionProperties) = preSolution
		HideSolutionNode = FALSE
	EndGlobalSection
	GlobalSection(ExtensibilityGlobals) = postSolution
		SolutionGuid = {58F196F9-449B-4794-A038-672AEF032696}
	EndGlobalSection
EndGlobal
